<?xml version="1.0" encoding="utf-8"?>
<Project ToolsVersion="4.0" xmlns="http://schemas.microsoft.com/developer/msbuild/2003">
  <ItemGroup>
    <Filter Include="File di origine">
      <UniqueIdentifier>{4FC737F1-C7A5-4376-A066-2A32D752A2FF}</UniqueIdentifier>
      <Extensions>cpp;c;cc;cxx;c++;cppm;ixx;def;odl;idl;hpj;bat;asm;asmx</Extensions>
    </Filter>
    <Filter Include="File di intestazione">
      <UniqueIdentifier>{93995380-89BD-4b04-88EB-625FBE52EBFB}</UniqueIdentifier>
      <Extensions>h;hh;hpp;hxx;h++;hm;inl;inc;ipp;xsd</Extensions>
    </Filter>
    <Filter Include="File di risorse">
      <UniqueIdentifier>{67DA6AB6-F800-4c08-8B7A-83BB121AAD01}</UniqueIdentifier>
      <Extensions>rc;ico;cur;bmp;dlg;rc2;rct;bin;rgs;gif;jpg;jpeg;jpe;resx;tiff;tif;png;wav;mfcribbon-ms</Extensions>
    </Filter>
    <Filter Include="GWC">
      <UniqueIdentifier>{4b4cb131-99b2-47fe-a97c-a6f1bfc038c3}</UniqueIdentifier>
    </Filter>
    <Filter Include="GWC\GWC.Native">
      <UniqueIdentifier>{afb16643-cd6e-4ea1-bdbe-319ce5c673b8}</UniqueIdentifier>
    </Filter>
    <Filter Include="GWC\GWC.Native\Include">
      <UniqueIdentifier>{7b3de710-1225-48ef-a1d6-eefa8e32e8c8}</UniqueIdentifier>
    </Filter>
    <Filter Include="GWC\GWC.Native\Static">
      <UniqueIdentifier>{808e61e6-de24-4485-bafc-b90ceb08108e}</UniqueIdentifier>
    </Filter>
    <Filter Include="GWC\GWC.Native\Shared">
      <UniqueIdentifier>{d900a1d6-97a5-48cc-a6a7-ff22fb9b2558}</UniqueIdentifier>
    </Filter>
  </ItemGroup>
  <ItemGroup>
    <ClInclude Include="include\gwc.native\export.h">
      <Filter>GWC\GWC.Native\Include</Filter>
    </ClInclude>
    <ClInclude Include="include\gwc.native\header.h">
      <Filter>GWC\GWC.Native\Include</Filter>
    </ClInclude>
    <ClInclude Include="include\gwc.native\gwc.h">
      <Filter>GWC\GWC.Native\Include</Filter>
    </ClInclude>
    <ClInclude Include="include\gwc.native\types.h">
      <Filter>GWC\GWC.Native\Include</Filter>
    </ClInclude>
    <ClInclude Include="include\gwc.native\COLOR.h">
      <Filter>GWC\GWC.Native\Include</Filter>
    </ClInclude>
    <ClInclude Include="include\gwc.native\POINT.h">
      <Filter>GWC\GWC.Native\Include</Filter>
    </ClInclude>
    <ClInclude Include="include\gwc.native\SIZE.h">
      <Filter>GWC\GWC.Native\Include</Filter>
    </ClInclude>
    <ClInclude Include="include\gwc.native\RECTANGLE.h">
      <Filter>GWC\GWC.Native\Include</Filter>
    </ClInclude>
    <ClInclude Include="include\gwc.native\IMAGE.h">
      <Filter>GWC\GWC.Native\Include</Filter>
    </ClInclude>
    <ClInclude Include="include\gwc.native\ICON.h">
      <Filter>GWC\GWC.Native\Include</Filter>
    </ClInclude>
    <ClInclude Include="include\gwc.native\KEYS.h">
      <Filter>GWC\GWC.Native\Include</Filter>
    </ClInclude>
    <ClInclude Include="include\gwc.native\MOUSEBUTTONS.h">
      <Filter>GWC\GWC.Native\Include</Filter>
    </ClInclude>
    <ClInclude Include="include\gwc.native\RENDER.h">
      <Filter>GWC\GWC.Native\Include</Filter>
    </ClInclude>
    <ClInclude Include="include\gwc.native\SPRITE.h">
      <Filter>GWC\GWC.Native\Include</Filter>
    </ClInclude>
    <ClInclude Include="include\gwc.native\CANVAS.h">
      <Filter>GWC\GWC.Native\Include</Filter>
    </ClInclude>
    <ClInclude Include="include\gwc.native\WINDOW.h">
      <Filter>GWC\GWC.Native\Include</Filter>
    </ClInclude>
  </ItemGroup>
  <ItemGroup>
    <None Include="shared\gwc.native\gwc-d-x86.dll">
      <Filter>GWC\GWC.Native\Shared</Filter>
    </None>
    <None Include="shared\gwc.native\gwc-d-x64.dll">
      <Filter>GWC\GWC.Native\Shared</Filter>
    </None>
    <None Include="shared\gwc.native\gwc-d-ARM64.dll">
      <Filter>GWC\GWC.Native\Shared</Filter>
    </None>
    <None Include="shared\gwc.native\gwc-x86.dll">
      <Filter>GWC\GWC.Native\Shared</Filter>
    </None>
    <None Include="shared\gwc.native\gwc-x64.dll">
      <Filter>GWC\GWC.Native\Shared</Filter>
    </None>
    <None Include="shared\gwc.native\gwc-ARM64.dll">
      <Filter>GWC\GWC.Native\Shared</Filter>
    </None>
    <None Include="shared\gwc.native\gwc.native-d-x86.dll">
      <Filter>GWC\GWC.Native\Shared</Filter>
    </None>
    <None Include="shared\gwc.native\gwc.native-d-x64.dll">
      <Filter>GWC\GWC.Native\Shared</Filter>
    </None>
    <None Include="shared\gwc.native\gwc.native-d-ARM64.dll">
      <Filter>GWC\GWC.Native\Shared</Filter>
    </None>
    <None Include="shared\gwc.native\gwc.native-x86.dll">
      <Filter>GWC\GWC.Native\Shared</Filter>
    </None>
    <None Include="shared\gwc.native\gwc.native-x64.dll">
      <Filter>GWC\GWC.Native\Shared</Filter>
    </None>
    <None Include="shared\gwc.native\gwc.native-ARM64.dll">
      <Filter>GWC\GWC.Native\Shared</Filter>
    </None>
  </ItemGroup>
  <ItemGroup>
    <Library Include="static\gwc.native\gwc.native-d-x86.lib">
      <Filter>GWC\GWC.Native\Static</Filter>
    </Library>
    <Library Include="static\gwc.native\gwc.native-d-x64.lib">
      <Filter>GWC\GWC.Native\Static</Filter>
    </Library>
    <Library Include="static\gwc.native\gwc.native-d-ARM64.lib">
      <Filter>GWC\GWC.Native\Static</Filter>
    </Library>
    <Library Include="static\gwc.native\gwc.native-x86.lib">
      <Filter>GWC\GWC.Native\Static</Filter>
    </Library>
    <Library Include="static\gwc.native\gwc.native-x64.lib">
      <Filter>GWC\GWC.Native\Static</Filter>
    </Library>
    <Library Include="static\gwc.native\gwc.native-ARM64.lib">
      <Filter>GWC\GWC.Native\Static</Filter>
    </Library>
  </ItemGroup>
</Project>
